// !$*UTF8*$!
{
	archiveVersion = 1;
	classes = {
	};
	objectVersion = 46;
	objects = {

/* Begin PBXBuildFile section */
		3A21EB841EA07A34009E13EC /* AppDelegate.swift in Sources */ = {isa = PBXBuildFile; fileRef = 3A21EB831EA07A34009E13EC /* AppDelegate.swift */; };
		3A21EB861EA07A34009E13EC /* ViewController.swift in Sources */ = {isa = PBXBuildFile; fileRef = 3A21EB851EA07A34009E13EC /* ViewController.swift */; };
		3A21EB891EA07A35009E13EC /* Main.storyboard in Resources */ = {isa = PBXBuildFile; fileRef = 3A21EB871EA07A35009E13EC /* Main.storyboard */; };
		3A21EB8B1EA07A35009E13EC /* Assets.xcassets in Resources */ = {isa = PBXBuildFile; fileRef = 3A21EB8A1EA07A35009E13EC /* Assets.xcassets */; };
		3A21EB8E1EA07A35009E13EC /* LaunchScreen.storyboard in Resources */ = {isa = PBXBuildFile; fileRef = 3A21EB8C1EA07A35009E13EC /* LaunchScreen.storyboard */; };
/* End PBXBuildFile section */

/* Begin PBXFileReference section */
		3A21EB801EA07A34009E13EC /* FirebaseTutorial2017.app */ = {isa = PBXFileReference; explicitFileType = wrapper.application; includeInIndex = 0; path = FirebaseTutorial2017.app; sourceTree = BUILT_PRODUCTS_DIR; };
		3A21EB831EA07A34009E13EC /* AppDelegate.swift */ = {isa = PBXFileReference; lastKnownFileType = sourcecode.swift; path = AppDelegate.swift; sourceTree = "<group>"; };
		3A21EB851EA07A34009E13EC /* ViewController.swift */ = {isa = PBXFileReference; lastKnownFileType = sourcecode.swift; path = ViewController.swift; sourceTree = "<group>"; };
		3A21EB881EA07A35009E13EC /* Base */ = {isa = PBXFileReference; lastKnownFileType = file.storyboard; name = Base; path = Base.lproj/Main.storyboard; sourceTree = "<group>"; };
		3A21EB8A1EA07A35009E13EC /* Assets.xcassets */ = {isa = PBXFileReference; lastKnownFileType = folder.assetcatalog; path = Assets.xcassets; sourceTree = "<group>"; };
		3A21EB8D1EA07A35009E13EC /* Base */ = {isa = PBXFileReference; lastKnownFileType = file.storyboard; name = Base; path = Base.lproj/LaunchScreen.storyboard; sourceTree = "<group>"; };
		3A21EB8F1EA07A35009E13EC /* Info.plist */ = {isa = PBXFileReference; lastKnownFileType = text.plist.xml; path = Info.plist; sourceTree = "<group>"; };
/* End PBXFileReference section */

/* Begin PBXFrameworksBuildPhase section */
		3A21EB7D1EA07A34009E13EC /* Frameworks */ = {
			isa = PBXFrameworksBuildPhase;
			buildActionMask = 2147483647;
			files = (
			);
			runOnlyForDeploymentPostprocessing = 0;
		};
/* End PBXFrameworksBuildPhase section */

/* Begin PBXGroup section */
		3A21EB771EA07A33009E13EC = {
			isa = PBXGroup;
			children = (
				3A21EB821EA07A34009E13EC /* FirebaseTutorial2017 */,
				3A21EB811EA07A34009E13EC /* Products */,
			);
			sourceTree = "<group>";
		};
		3A21EB811EA07A34009E13EC /* Products */ = {
			isa = PBXGroup;
			children = (
				3A21EB801EA07A34009E13EC /* FirebaseTutorial2017.app */,
			);
			name = Products;
			sourceTree = "<group>";
		};
		3A21EB821EA07A34009E13EC /* FirebaseTutorial2017 */ = {
			isa = PBXGroup;
			children = (
				3A21EB831EA07A34009E13EC /* AppDelegate.swift */,
				3A21EB851EA07A34009E13EC /* ViewController.swift */,
				3A21EB871EA07A35009E13EC /* Main.storyboard */,
				3A21EB8A1EA07A35009E13EC /* Assets.xcassets */,
				3A21EB8C1EA07A35009E13EC /* LaunchScreen.storyboard */,
				3A21EB8F1EA07A35009E13EC /* Info.plist */,
			);
			path = FirebaseTutorial2017;
			sourceTree = "<group>";
		};
/* End PBXGroup section */

/* Begin PBXNativeTarget section */
		3A21EB7F1EA07A34009E13EC /* FirebaseTutorial2017 */ = {
			isa = PBXNativeTarget;
			buildConfigurationList = 3A21EB921EA07A35009E13EC /* Build configuration list for PBXNativeTarget "FirebaseTutorial2017" */;
			buildPhases = (
				3A21EB7C1EA07A34009E13EC /* Sources */,
				3A21EB7D1EA07A34009E13EC /* Frameworks */,
				3A21EB7E1EA07A34009E13EC /* Resources */,
			);
			buildRules = (
			);
			dependencies = (
			);
			name = FirebaseTutorial2017;
			productName = FirebaseTutorial2017;
			productReference = 3A21EB801EA07A34009E13EC /* FirebaseTutorial2017.app */;
			productType = "com.apple.product-type.application";
		};
/* End PBXNativeTarget section */

/* Begin PBXProject section */
		3A21EB781EA07A33009E13EC /* Project object */ = {
			isa = PBXProject;
			attributes = {
				LastSwiftUpdateCheck = 0820;
				LastUpgradeCheck = 0820;
				ORGANIZATIONNAME = SwiftCourse;
				TargetAttributes = {
					3A21EB7F1EA07A34009E13EC = {
						CreatedOnToolsVersion = 8.2.1;
						DevelopmentTeam = R87SVJYRVB;
						ProvisioningStyle = Automatic;
					};
				};
			};
			buildConfigurationList = 3A21EB7B1EA07A33009E13EC /* Build configuration list for PBXProject "FirebaseTutorial2017" */;
			compatibilityVersion = "Xcode 3.2";
			developmentRegion = English;
			hasScannedForEncodings = 0;
			knownRegions = (
				en,
				Base,
			);
			mainGroup = 3A21EB771EA07A33009E13EC;
			productRefGroup = 3A21EB811EA07A34009E13EC /* Products */;
			projectDirPath = "";
			projectRoot = "";
			targets = (
				3A21EB7F1EA07A34009E13EC /* FirebaseTutorial2017 */,
			);
		};
/* End PBXProject section */

/* Begin PBXResourcesBuildPhase section */
		3A21EB7E1EA07A34009E13EC /* Resources */ = {
			isa = PBXResourcesBuildPhase;
			buildActionMask = 2147483647;
			files = (
				3A21EB8E1EA07A35009E13EC /* LaunchScreen.storyboard in Resources */,
				3A21EB8B1EA07A35009E13EC /* Assets.xcassets in Resources */,
				3A21EB891EA07A35009E13EC /* Main.storyboard in Resources */,
			);
			runOnlyForDeploymentPostprocessing = 0;
		};
/* End PBXResourcesBuildPhase section */

/* Begin PBXSourcesBuildPhase section */
		3A21EB7C1EA07A34009E13EC /* Sources */ = {
			isa = PBXSourcesBuildPhase;
			buildActionMask = 2147483647;
			files = (
				3A21EB861EA07A34009E13EC /* ViewController.swift in Sources */,
				3A21EB841EA07A34009E13EC /* AppDelegate.swift in Sources */,
			);
			runOnlyForDeploymentPostprocessing = 0;
		};
/* End PBXSourcesBuildPhase section */

/* Begin PBXVariantGroup section */
		3A21EB871EA07A35009E13EC /* Main.storyboard */ = {
			isa = PBXVariantGroup;
			children = (
				3A21EB881EA07A35009E13EC /* Base */,
			);
			name = Main.storyboard;
			sourceTree = "<group>";
		};
		3A21EB8C1EA07A35009E13EC /* LaunchScreen.storyboard */ = {
			isa = PBXVariantGroup;
			children = (
				3A21EB8D1EA07A35009E13EC /* Base */,
			);
			name = LaunchScreen.storyboard;
			sourceTree = "<group>";
		};
/* End PBXVariantGroup section */

/* Begin XCBuildConfiguration section */
		3A21EB901EA07A35009E13EC /* Debug */ = {
			isa = XCBuildConfiguration;
			buildSettings = {
				ALWAYS_SEARCH_USER_PATHS = NO;
				CLANG_ANALYZER_NONNULL = YES;
				CLANG_CXX_LANGUAGE_STANDARD = "gnu++0x";
				CLANG_CXX_LIBRARY = "libc++";
				CLANG_ENABLE_MODULES = YES;
				CLANG_ENABLE_OBJC_ARC = YES;
				CLANG_WARN_BOOL_CONVERSION = YES;
				CLANG_WARN_CONSTANT_CONVERSION = YES;
				CLANG_WARN_DIRECT_OBJC_ISA_USAGE = YES_ERROR;
				CLANG_WARN_DOCUMENTATION_COMMENTS = YES;
				CLANG_WARN_EMPTY_BODY = YES;
				CLANG_WARN_ENUM_CONVERSION = YES;
				CLANG_WARN_INFINITE_RECURSION = YES;
				CLANG_WARN_INT_CONVERSION = YES;
				CLANG_WARN_OBJC_ROOT_CLASS = YES_ERROR;
				CLANG_WARN_SUSPICIOUS_MOVE = YES;
				CLANG_WARN_UNREACHABLE_CODE = YES;
				CLANG_WARN__DUPLICATE_METHOD_MATCH = YES;
				"CODE_SIGN_IDENTITY[sdk=iphoneos*]" = "iPhone Developer";
				COPY_PHASE_STRIP = NO;
				DEBUG_INFORMATION_FORMAT = dwarf;
				ENABLE_STRICT_OBJC_MSGSEND = YES;
				ENABLE_TESTABILITY = YES;
				GCC_C_LANGUAGE_STANDARD = gnu99;
				GCC_DYNAMIC_NO_PIC = NO;
				GCC_NO_COMMON_BLOCKS = YES;
				GCC_OPTIMIZATION_LEVEL = 0;
				GCC_PREPROCESSOR_DEFINITIONS = (
					"DEBUG=1",
					"$(inherited)",
				);
				GCC_WARN_64_TO_32_BIT_CONVERSION = YES;
				GCC_WARN_ABOUT_RETURN_TYPE = YES_ERROR;
				GCC_WARN_UNDECLARED_SELECTOR = YES;
				GCC_WARN_UNINITIALIZED_AUTOS = YES_AGGRESSIVE;
				GCC_WARN_UNUSED_FUNCTION = YES;
				GCC_WARN_UNUSED_VARIABLE = YES;
				IPHONEOS_DEPLOYMENT_TARGET = 10.2;
				MTL_ENABLE_DEBUG_INFO = YES;
				ONLY_ACTIVE_ARCH = YES;
				SDKROOT = iphoneos;
				SWIFT_ACTIVE_COMPILATION_CONDITIONS = DEBUG;
				SWIFT_OPTIMIZATION_LEVEL = "-Onone";
			};
			name = Debug;
		};
		3A21EB911EA07A35009E13EC /* Release */ = {
			isa = XCBuildConfiguration;
			buildSettings = {
				ALWAYS_SEARCH_USER_PATHS = NO;
				CLANG_ANALYZER_NONNULL = YES;
				CLANG_CXX_LANGUAGE_STANDARD = "gnu++0x";
				CLANG_CXX_LIBRARY = "libc++";
				CLANG_ENABLE_MODULES = YES;
				CLANG_ENABLE_OBJC_ARC = YES;
				CLANG_WARN_BOOL_CONVERSION = YES;
				CLANG_WARN_CONSTANT_CONVERSION = YES;
				CLANG_WARN_DIRECT_OBJC_ISA_USAGE = YES_ERROR;
				CLANG_WARN_DOCUMENTATION_COMMENTS = YES;
				CLANG_WARN_EMPTY_BODY = YES;
				CLANG_WARN_ENUM_CONVERSION = YES;
				CLANG_WARN_INFINITE_RECURSION = YES;
				CLANG_WARN_INT_CONVERSION = YES;
				CLANG_WARN_OBJC_ROOT_CLASS = YES_ERROR;
				CLANG_WARN_SUSPICIOUS_MOVE = YES;
				CLANG_WARN_UNREACHABLE_CODE = YES;
				CLANG_WARN__DUPLICATE_METHOD_MATCH = YES;
				"CODE_SIGN_IDENTITY[sdk=iphoneos*]" = "iPhone Developer";
				COPY_PHASE_STRIP = NO;
				DEBUG_INFORMATION_FORMAT = "dwarf-with-dsym";
				ENABLE_NS_ASSERTIONS = NO;
				ENABLE_STRICT_OBJC_MSGSEND = YES;
				GCC_C_LANGUAGE_STANDARD = gnu99;
				GCC_NO_COMMON_BLOCKS = YES;
				GCC_WARN_64_TO_32_BIT_CONVERSION = YES;
				GCC_WARN_ABOUT_RETURN_TYPE = YES_ERROR;
				GCC_WARN_UNDECLARED_SELECTOR = YES;
				GCC_WARN_UNINITIALIZED_AUTOS = YES_AGGRESSIVE;
				GCC_WARN_UNUSED_FUNCTION = YES;
				GCC_WARN_UNUSED_VARIABLE = YES;
				IPHONEOS_DEPLOYMENT_TARGET = 10.2;
				MTL_ENABLE_DEBUG_INFO = NO;
				SDKROOT = iphoneos;
				SWIFT_OPTIMIZATION_LEVEL = "-Owholemodule";
				VALIDATE_PRODUCT = YES;
			};
			name = Release;
		};
		3A21EB931EA07A35009E13EC /* Debug */ = {
			isa = XCBuildConfiguration;
			buildSettings = {
				ASSETCATALOG_COMPILER_APPICON_NAME = AppIcon;
				DEVELOPMENT_TEAM = R87SVJYRVB;
				INFOPLIST_FILE = FirebaseTutorial2017/Info.plist;
				LD_RUNPATH_SEARCH_PATHS = "$(inherited) @executable_path/Frameworks";
				PRODUCT_BUNDLE_IDENTIFIER = tw.com.ognam.FirebaseTutorial2017;
				PRODUCT_NAME = "$(TARGET_NAME)";
				SWIFT_VERSION = 3.0;
			};
			name = Debug;
		};
		3A21EB941EA07A35009E13EC /* Release */ = {
			isa = XCBuildConfiguration;
			buildSettings = {
				ASSETCATALOG_COMPILER_APPICON_NAME = AppIcon;
				DEVELOPMENT_TEAM = R87SVJYRVB;
				INFOPLIST_FILE = FirebaseTutorial2017/Info.plist;
				LD_RUNPATH_SEARCH_PATHS = "$(inherited) @executable_path/Frameworks";
				PRODUCT_BUNDLE_IDENTIFIER = tw.com.ognam.FirebaseTutorial2017;
				PRODUCT_NAME = "$(TARGET_NAME)";
				SWIFT_VERSION = 3.0;
			};
			name = Release;
		};
/* End XCBuildConfiguration section */

/* Begin XCConfigurationList section */
		3A21EB7B1EA07A33009E13EC /* Build configuration list for PBXProject "FirebaseTutorial2017" */ = {
			isa = XCConfigurationList;
			buildConfigurations = (
				3A21EB901EA07A35009E13EC /* Debug */,
				3A21EB911EA07A35009E13EC /* Release */,
			);
			defaultConfigurationIsVisible = 0;
			defaultConfigurationName = Release;
		};
		3A21EB921EA07A35009E13EC /* Build configuration list for PBXNativeTarget "FirebaseTutorial2017" */ = {
			isa = XCConfigurationList;
			buildConfigurations = (
				3A21EB931EA07A35009E13EC /* Debug */,
				3A21EB941EA07A35009E13EC /* Release */,
			);
			defaultConfigurationIsVisible = 0;
		};
/* End XCConfigurationList section */
	};
	rootObject = 3A21EB781EA07A33009E13EC /* Project object */;
}
