// !$*UTF8*$!
{
	archiveVersion = 1;
	classes = {
	};
	objectVersion = 46;
	objects = {

/* Begin PBXBuildFile section */
		3A21EB841EA07A34009E13EC /* AppDelegate.swift in Sources */ = {isa = PBXBuildFile; fileRef = 3A21EB831EA07A34009E13EC /* AppDelegate.swift */; };
		3A21EB891EA07A35009E13EC /* Main.storyboard in Resources */ = {isa = PBXBuildFile; fileRef = 3A21EB871EA07A35009E13EC /* Main.storyboard */; };
		3A21EB8B1EA07A35009E13EC /* Assets.xcassets in Resources */ = {isa = PBXBuildFile; fileRef = 3A21EB8A1EA07A35009E13EC /* Assets.xcassets */; };
		3A21EB8E1EA07A35009E13EC /* LaunchScreen.storyboard in Resources */ = {isa = PBXBuildFile; fileRef = 3A21EB8C1EA07A35009E13EC /* LaunchScreen.storyboard */; };
		3A21EB961EA07F8B009E13EC /* GoogleService-Info.plist in Resources */ = {isa = PBXBuildFile; fileRef = 3A21EB951EA07F8B009E13EC /* GoogleService-Info.plist */; };
		3A21EB981EA0A68C009E13EC /* SignUpViewController.swift in Sources */ = {isa = PBXBuildFile; fileRef = 3A21EB971EA0A68C009E13EC /* SignUpViewController.swift */; };
		3A21EB9A1EA0ACF7009E13EC /* HomeViewController.swift in Sources */ = {isa = PBXBuildFile; fileRef = 3A21EB991EA0ACF7009E13EC /* HomeViewController.swift */; };
		3A21EB9C1EA0B5FB009E13EC /* LoginViewController.swift in Sources */ = {isa = PBXBuildFile; fileRef = 3A21EB9B1EA0B5FB009E13EC /* LoginViewController.swift */; };
		3A21EB9E1EA0C17F009E13EC /* ResetPasswordViewController.swift in Sources */ = {isa = PBXBuildFile; fileRef = 3A21EB9D1EA0C17F009E13EC /* ResetPasswordViewController.swift */; };
		60F98CE7A3AA4215644EC429 /* Pods_FirebaseTutorial2017.framework in Frameworks */ = {isa = PBXBuildFile; fileRef = DB6E750DE115EFF72F3A09A5 /* Pods_FirebaseTutorial2017.framework */; };
/* End PBXBuildFile section */

/* Begin PBXFileReference section */
		07C7C00E2030B0C064DEB0DF /* Pods-FirebaseTutorial2017.debug.xcconfig */ = {isa = PBXFileReference; includeInIndex = 1; lastKnownFileType = text.xcconfig; name = "Pods-FirebaseTutorial2017.debug.xcconfig"; path = "Pods/Target Support Files/Pods-FirebaseTutorial2017/Pods-FirebaseTutorial2017.debug.xcconfig"; sourceTree = "<group>"; };
		3A21EB801EA07A34009E13EC /* FirebaseTutorial2017.app */ = {isa = PBXFileReference; explicitFileType = wrapper.application; includeInIndex = 0; path = FirebaseTutorial2017.app; sourceTree = BUILT_PRODUCTS_DIR; };
		3A21EB831EA07A34009E13EC /* AppDelegate.swift */ = {isa = PBXFileReference; lastKnownFileType = sourcecode.swift; path = AppDelegate.swift; sourceTree = "<group>"; };
		3A21EB881EA07A35009E13EC /* Base */ = {isa = PBXFileReference; lastKnownFileType = file.storyboard; name = Base; path = Base.lproj/Main.storyboard; sourceTree = "<group>"; };
		3A21EB8A1EA07A35009E13EC /* Assets.xcassets */ = {isa = PBXFileReference; lastKnownFileType = folder.assetcatalog; path = Assets.xcassets; sourceTree = "<group>"; };
		3A21EB8D1EA07A35009E13EC /* Base */ = {isa = PBXFileReference; lastKnownFileType = file.storyboard; name = Base; path = Base.lproj/LaunchScreen.storyboard; sourceTree = "<group>"; };
		3A21EB8F1EA07A35009E13EC /* Info.plist */ = {isa = PBXFileReference; lastKnownFileType = text.plist.xml; path = Info.plist; sourceTree = "<group>"; };
		3A21EB951EA07F8B009E13EC /* GoogleService-Info.plist */ = {isa = PBXFileReference; fileEncoding = 4; lastKnownFileType = text.plist.xml; name = "GoogleService-Info.plist"; path = "../../../Downloads/GoogleService-Info.plist"; sourceTree = "<group>"; };
		3A21EB971EA0A68C009E13EC /* SignUpViewController.swift */ = {isa = PBXFileReference; fileEncoding = 4; lastKnownFileType = sourcecode.swift; path = SignUpViewController.swift; sourceTree = "<group>"; };
		3A21EB991EA0ACF7009E13EC /* HomeViewController.swift */ = {isa = PBXFileReference; fileEncoding = 4; lastKnownFileType = sourcecode.swift; path = HomeViewController.swift; sourceTree = "<group>"; };
		3A21EB9B1EA0B5FB009E13EC /* LoginViewController.swift */ = {isa = PBXFileReference; fileEncoding = 4; lastKnownFileType = sourcecode.swift; path = LoginViewController.swift; sourceTree = "<group>"; };
		3A21EB9D1EA0C17F009E13EC /* ResetPasswordViewController.swift */ = {isa = PBXFileReference; fileEncoding = 4; lastKnownFileType = sourcecode.swift; path = ResetPasswordViewController.swift; sourceTree = "<group>"; };
		9D47829FC68F92A32B89C86F /* Pods-FirebaseTutorial2017.release.xcconfig */ = {isa = PBXFileReference; includeInIndex = 1; lastKnownFileType = text.xcconfig; name = "Pods-FirebaseTutorial2017.release.xcconfig"; path = "Pods/Target Support Files/Pods-FirebaseTutorial2017/Pods-FirebaseTutorial2017.release.xcconfig"; sourceTree = "<group>"; };
		DB6E750DE115EFF72F3A09A5 /* Pods_FirebaseTutorial2017.framework */ = {isa = PBXFileReference; explicitFileType = wrapper.framework; includeInIndex = 0; path = Pods_FirebaseTutorial2017.framework; sourceTree = BUILT_PRODUCTS_DIR; };
/* End PBXFileReference section */

/* Begin PBXFrameworksBuildPhase section */
		3A21EB7D1EA07A34009E13EC /* Frameworks */ = {
			isa = PBXFrameworksBuildPhase;
			buildActionMask = 2147483647;
			files = (
				60F98CE7A3AA4215644EC429 /* Pods_FirebaseTutorial2017.framework in Frameworks */,
			);
			runOnlyForDeploymentPostprocessing = 0;
		};
/* End PBXFrameworksBuildPhase section */

/* Begin PBXGroup section */
		3A21EB771EA07A33009E13EC = {
			isa = PBXGroup;
			children = (
				3A21EB821EA07A34009E13EC /* FirebaseTutorial2017 */,
				3A21EB811EA07A34009E13EC /* Products */,
				F7231F165442263E9F340315 /* Pods */,
				A8D75C25471952A616B05B32 /* Frameworks */,
			);
			sourceTree = "<group>";
		};
		3A21EB811EA07A34009E13EC /* Products */ = {
			isa = PBXGroup;
			children = (
				3A21EB801EA07A34009E13EC /* FirebaseTutorial2017.app */,
			);
			name = Products;
			sourceTree = "<group>";
		};
		3A21EB821EA07A34009E13EC /* FirebaseTutorial2017 */ = {
			isa = PBXGroup;
			children = (
				3A21EB871EA07A35009E13EC /* Main.storyboard */,
				3A21EB8A1EA07A35009E13EC /* Assets.xcassets */,
				3A21EB8C1EA07A35009E13EC /* LaunchScreen.storyboard */,
				3A21EB8F1EA07A35009E13EC /* Info.plist */,
				3A21EB951EA07F8B009E13EC /* GoogleService-Info.plist */,
				3A21EB831EA07A34009E13EC /* AppDelegate.swift */,
				3A21EB991EA0ACF7009E13EC /* HomeViewController.swift */,
				3A21EB971EA0A68C009E13EC /* SignUpViewController.swift */,
				3A21EB9B1EA0B5FB009E13EC /* LoginViewController.swift */,
				3A21EB9D1EA0C17F009E13EC /* ResetPasswordViewController.swift */,
			);
			path = FirebaseTutorial2017;
			sourceTree = "<group>";
		};
		A8D75C25471952A616B05B32 /* Frameworks */ = {
			isa = PBXGroup;
			children = (
				DB6E750DE115EFF72F3A09A5 /* Pods_FirebaseTutorial2017.framework */,
			);
			name = Frameworks;
			sourceTree = "<group>";
		};
		F7231F165442263E9F340315 /* Pods */ = {
			isa = PBXGroup;
			children = (
				07C7C00E2030B0C064DEB0DF /* Pods-FirebaseTutorial2017.debug.xcconfig */,
				9D47829FC68F92A32B89C86F /* Pods-FirebaseTutorial2017.release.xcconfig */,
			);
			name = Pods;
			sourceTree = "<group>";
		};
/* End PBXGroup section */

/* Begin PBXNativeTarget section */
		3A21EB7F1EA07A34009E13EC /* FirebaseTutorial2017 */ = {
			isa = PBXNativeTarget;
			buildConfigurationList = 3A21EB921EA07A35009E13EC /* Build configuration list for PBXNativeTarget "FirebaseTutorial2017" */;
			buildPhases = (
				7A53E11F4487514DC3FE2550 /* [CP] Check Pods Manifest.lock */,
				3A21EB7C1EA07A34009E13EC /* Sources */,
				3A21EB7D1EA07A34009E13EC /* Frameworks */,
				3A21EB7E1EA07A34009E13EC /* Resources */,
				ED3137A1600DBA6B21C07671 /* [CP] Embed Pods Frameworks */,
				7596587AE335B223C679E982 /* [CP] Copy Pods Resources */,
			);
			buildRules = (
			);
			dependencies = (
			);
			name = FirebaseTutorial2017;
			productName = FirebaseTutorial2017;
			productReference = 3A21EB801EA07A34009E13EC /* FirebaseTutorial2017.app */;
			productType = "com.apple.product-type.application";
		};
/* End PBXNativeTarget section */

/* Begin PBXProject section */
		3A21EB781EA07A33009E13EC /* Project object */ = {
			isa = PBXProject;
			attributes = {
				LastSwiftUpdateCheck = 0820;
				LastUpgradeCheck = 0820;
				ORGANIZATIONNAME = SwiftCourse;
				TargetAttributes = {
					3A21EB7F1EA07A34009E13EC = {
						CreatedOnToolsVersion = 8.2.1;
						DevelopmentTeam = R87SVJYRVB;
						ProvisioningStyle = Automatic;
					};
				};
			};
			buildConfigurationList = 3A21EB7B1EA07A33009E13EC /* Build configuration list for PBXProject "FirebaseTutorial2017" */;
			compatibilityVersion = "Xcode 3.2";
			developmentRegion = English;
			hasScannedForEncodings = 0;
			knownRegions = (
				en,
				Base,
			);
			mainGroup = 3A21EB771EA07A33009E13EC;
			productRefGroup = 3A21EB811EA07A34009E13EC /* Products */;
			projectDirPath = "";
			projectRoot = "";
			targets = (
				3A21EB7F1EA07A34009E13EC /* FirebaseTutorial2017 */,
			);
		};
/* End PBXProject section */

/* Begin PBXResourcesBuildPhase section */
		3A21EB7E1EA07A34009E13EC /* Resources */ = {
			isa = PBXResourcesBuildPhase;
			buildActionMask = 2147483647;
			files = (
				3A21EB8E1EA07A35009E13EC /* LaunchScreen.storyboard in Resources */,
				3A21EB961EA07F8B009E13EC /* GoogleService-Info.plist in Resources */,
				3A21EB8B1EA07A35009E13EC /* Assets.xcassets in Resources */,
				3A21EB891EA07A35009E13EC /* Main.storyboard in Resources */,
			);
			runOnlyForDeploymentPostprocessing = 0;
		};
/* End PBXResourcesBuildPhase section */

/* Begin PBXShellScriptBuildPhase section */
		7596587AE335B223C679E982 /* [CP] Copy Pods Resources */ = {
			isa = PBXShellScriptBuildPhase;
			buildActionMask = 2147483647;
			files = (
			);
			inputPaths = (
			);
			name = "[CP] Copy Pods Resources";
			outputPaths = (
			);
			runOnlyForDeploymentPostprocessing = 0;
			shellPath = /bin/sh;
			shellScript = "\"${SRCROOT}/Pods/Target Support Files/Pods-FirebaseTutorial2017/Pods-FirebaseTutorial2017-resources.sh\"\n";
			showEnvVarsInLog = 0;
		};
		7A53E11F4487514DC3FE2550 /* [CP] Check Pods Manifest.lock */ = {
			isa = PBXShellScriptBuildPhase;
			buildActionMask = 2147483647;
			files = (
			);
			inputPaths = (
			);
			name = "[CP] Check Pods Manifest.lock";
			outputPaths = (
			);
			runOnlyForDeploymentPostprocessing = 0;
			shellPath = /bin/sh;
			shellScript = "diff \"${PODS_PODFILE_DIR_PATH}/Podfile.lock\" \"${PODS_ROOT}/Manifest.lock\" > /dev/null\nif [ $? != 0 ] ; then\n    # print error to STDERR\n    echo \"error: The sandbox is not in sync with the Podfile.lock. Run 'pod install' or update your CocoaPods installation.\" >&2\n    exit 1\nfi\n";
			showEnvVarsInLog = 0;
		};
		ED3137A1600DBA6B21C07671 /* [CP] Embed Pods Frameworks */ = {
			isa = PBXShellScriptBuildPhase;
			buildActionMask = 2147483647;
			files = (
			);
			inputPaths = (
			);
			name = "[CP] Embed Pods Frameworks";
			outputPaths = (
			);
			runOnlyForDeploymentPostprocessing = 0;
			shellPath = /bin/sh;
			shellScript = "\"${SRCROOT}/Pods/Target Support Files/Pods-FirebaseTutorial2017/Pods-FirebaseTutorial2017-frameworks.sh\"\n";
			showEnvVarsInLog = 0;
		};
/* End PBXShellScriptBuildPhase section */

/* Begin PBXSourcesBuildPhase section */
		3A21EB7C1EA07A34009E13EC /* Sources */ = {
			isa = PBXSourcesBuildPhase;
			buildActionMask = 2147483647;
			files = (
				3A21EB9C1EA0B5FB009E13EC /* LoginViewController.swift in Sources */,
				3A21EB981EA0A68C009E13EC /* SignUpViewController.swift in Sources */,
				3A21EB9E1EA0C17F009E13EC /* ResetPasswordViewController.swift in Sources */,
				3A21EB841EA07A34009E13EC /* AppDelegate.swift in Sources */,
				3A21EB9A1EA0ACF7009E13EC /* HomeViewController.swift in Sources */,
			);
			runOnlyForDeploymentPostprocessing = 0;
		};
/* End PBXSourcesBuildPhase section */

/* Begin PBXVariantGroup section */
		3A21EB871EA07A35009E13EC /* Main.storyboard */ = {
			isa = PBXVariantGroup;
			children = (
				3A21EB881EA07A35009E13EC /* Base */,
			);
			name = Main.storyboard;
			sourceTree = "<group>";
		};
		3A21EB8C1EA07A35009E13EC /* LaunchScreen.storyboard */ = {
			isa = PBXVariantGroup;
			children = (
				3A21EB8D1EA07A35009E13EC /* Base */,
			);
			name = LaunchScreen.storyboard;
			sourceTree = "<group>";
		};
/* End PBXVariantGroup section */

/* Begin XCBuildConfiguration section */
		3A21EB901EA07A35009E13EC /* Debug */ = {
			isa = XCBuildConfiguration;
			buildSettings = {
				ALWAYS_SEARCH_USER_PATHS = NO;
				CLANG_ANALYZER_NONNULL = YES;
				CLANG_CXX_LANGUAGE_STANDARD = "gnu++0x";
				CLANG_CXX_LIBRARY = "libc++";
				CLANG_ENABLE_MODULES = YES;
				CLANG_ENABLE_OBJC_ARC = YES;
				CLANG_WARN_BOOL_CONVERSION = YES;
				CLANG_WARN_CONSTANT_CONVERSION = YES;
				CLANG_WARN_DIRECT_OBJC_ISA_USAGE = YES_ERROR;
				CLANG_WARN_DOCUMENTATION_COMMENTS = YES;
				CLANG_WARN_EMPTY_BODY = YES;
				CLANG_WARN_ENUM_CONVERSION = YES;
				CLANG_WARN_INFINITE_RECURSION = YES;
				CLANG_WARN_INT_CONVERSION = YES;
				CLANG_WARN_OBJC_ROOT_CLASS = YES_ERROR;
				CLANG_WARN_SUSPICIOUS_MOVE = YES;
				CLANG_WARN_UNREACHABLE_CODE = YES;
				CLANG_WARN__DUPLICATE_METHOD_MATCH = YES;
				"CODE_SIGN_IDENTITY[sdk=iphoneos*]" = "iPhone Developer";
				COPY_PHASE_STRIP = NO;
				DEBUG_INFORMATION_FORMAT = dwarf;
				ENABLE_STRICT_OBJC_MSGSEND = YES;
				ENABLE_TESTABILITY = YES;
				GCC_C_LANGUAGE_STANDARD = gnu99;
				GCC_DYNAMIC_NO_PIC = NO;
				GCC_NO_COMMON_BLOCKS = YES;
				GCC_OPTIMIZATION_LEVEL = 0;
				GCC_PREPROCESSOR_DEFINITIONS = (
					"DEBUG=1",
					"$(inherited)",
				);
				GCC_WARN_64_TO_32_BIT_CONVERSION = YES;
				GCC_WARN_ABOUT_RETURN_TYPE = YES_ERROR;
				GCC_WARN_UNDECLARED_SELECTOR = YES;
				GCC_WARN_UNINITIALIZED_AUTOS = YES_AGGRESSIVE;
				GCC_WARN_UNUSED_FUNCTION = YES;
				GCC_WARN_UNUSED_VARIABLE = YES;
				IPHONEOS_DEPLOYMENT_TARGET = 10.2;
				MTL_ENABLE_DEBUG_INFO = YES;
				ONLY_ACTIVE_ARCH = YES;
				SDKROOT = iphoneos;
				SWIFT_ACTIVE_COMPILATION_CONDITIONS = DEBUG;
				SWIFT_OPTIMIZATION_LEVEL = "-Onone";
			};
			name = Debug;
		};
		3A21EB911EA07A35009E13EC /* Release */ = {
			isa = XCBuildConfiguration;
			buildSettings = {
				ALWAYS_SEARCH_USER_PATHS = NO;
				CLANG_ANALYZER_NONNULL = YES;
				CLANG_CXX_LANGUAGE_STANDARD = "gnu++0x";
				CLANG_CXX_LIBRARY = "libc++";
				CLANG_ENABLE_MODULES = YES;
				CLANG_ENABLE_OBJC_ARC = YES;
				CLANG_WARN_BOOL_CONVERSION = YES;
				CLANG_WARN_CONSTANT_CONVERSION = YES;
				CLANG_WARN_DIRECT_OBJC_ISA_USAGE = YES_ERROR;
				CLANG_WARN_DOCUMENTATION_COMMENTS = YES;
				CLANG_WARN_EMPTY_BODY = YES;
				CLANG_WARN_ENUM_CONVERSION = YES;
				CLANG_WARN_INFINITE_RECURSION = YES;
				CLANG_WARN_INT_CONVERSION = YES;
				CLANG_WARN_OBJC_ROOT_CLASS = YES_ERROR;
				CLANG_WARN_SUSPICIOUS_MOVE = YES;
				CLANG_WARN_UNREACHABLE_CODE = YES;
				CLANG_WARN__DUPLICATE_METHOD_MATCH = YES;
				"CODE_SIGN_IDENTITY[sdk=iphoneos*]" = "iPhone Developer";
				COPY_PHASE_STRIP = NO;
				DEBUG_INFORMATION_FORMAT = "dwarf-with-dsym";
				ENABLE_NS_ASSERTIONS = NO;
				ENABLE_STRICT_OBJC_MSGSEND = YES;
				GCC_C_LANGUAGE_STANDARD = gnu99;
				GCC_NO_COMMON_BLOCKS = YES;
				GCC_WARN_64_TO_32_BIT_CONVERSION = YES;
				GCC_WARN_ABOUT_RETURN_TYPE = YES_ERROR;
				GCC_WARN_UNDECLARED_SELECTOR = YES;
				GCC_WARN_UNINITIALIZED_AUTOS = YES_AGGRESSIVE;
				GCC_WARN_UNUSED_FUNCTION = YES;
				GCC_WARN_UNUSED_VARIABLE = YES;
				IPHONEOS_DEPLOYMENT_TARGET = 10.2;
				MTL_ENABLE_DEBUG_INFO = NO;
				SDKROOT = iphoneos;
				SWIFT_OPTIMIZATION_LEVEL = "-Owholemodule";
				VALIDATE_PRODUCT = YES;
			};
			name = Release;
		};
		3A21EB931EA07A35009E13EC /* Debug */ = {
			isa = XCBuildConfiguration;
			baseConfigurationReference = 07C7C00E2030B0C064DEB0DF /* Pods-FirebaseTutorial2017.debug.xcconfig */;
			buildSettings = {
				ASSETCATALOG_COMPILER_APPICON_NAME = AppIcon;
				DEVELOPMENT_TEAM = R87SVJYRVB;
				INFOPLIST_FILE = FirebaseTutorial2017/Info.plist;
				LD_RUNPATH_SEARCH_PATHS = "$(inherited) @executable_path/Frameworks";
				PRODUCT_BUNDLE_IDENTIFIER = tw.com.ognam.FirebaseTutorial2017;
				PRODUCT_NAME = "$(TARGET_NAME)";
				SWIFT_VERSION = 3.0;
			};
			name = Debug;
		};
		3A21EB941EA07A35009E13EC /* Release */ = {
			isa = XCBuildConfiguration;
			baseConfigurationReference = 9D47829FC68F92A32B89C86F /* Pods-FirebaseTutorial2017.release.xcconfig */;
			buildSettings = {
				ASSETCATALOG_COMPILER_APPICON_NAME = AppIcon;
				DEVELOPMENT_TEAM = R87SVJYRVB;
				INFOPLIST_FILE = FirebaseTutorial2017/Info.plist;
				LD_RUNPATH_SEARCH_PATHS = "$(inherited) @executable_path/Frameworks";
				PRODUCT_BUNDLE_IDENTIFIER = tw.com.ognam.FirebaseTutorial2017;
				PRODUCT_NAME = "$(TARGET_NAME)";
				SWIFT_VERSION = 3.0;
			};
			name = Release;
		};
/* End XCBuildConfiguration section */

/* Begin XCConfigurationList section */
		3A21EB7B1EA07A33009E13EC /* Build configuration list for PBXProject "FirebaseTutorial2017" */ = {
			isa = XCConfigurationList;
			buildConfigurations = (
				3A21EB901EA07A35009E13EC /* Debug */,
				3A21EB911EA07A35009E13EC /* Release */,
			);
			defaultConfigurationIsVisible = 0;
			defaultConfigurationName = Release;
		};
		3A21EB921EA07A35009E13EC /* Build configuration list for PBXNativeTarget "FirebaseTutorial2017" */ = {
			isa = XCConfigurationList;
			buildConfigurations = (
				3A21EB931EA07A35009E13EC /* Debug */,
				3A21EB941EA07A35009E13EC /* Release */,
			);
			defaultConfigurationIsVisible = 0;
			defaultConfigurationName = Release;
		};
/* End XCConfigurationList section */
	};
	rootObject = 3A21EB781EA07A33009E13EC /* Project object */;
}
